# THIS IS AN AUTOGENERATED FILE. DO NOT EDIT THIS FILE DIRECTLY.
# yarn lockfile v1


hls.js@1.1.5-0.canary.8383:
  version "1.1.5-0.canary.8383"
  resolved "https://registry.yarnpkg.com/hls.js/-/hls.js-1.1.5-0.canary.8383.tgz#db39b149fdb330decafa7c816fd8c1453d0417a4"
  integrity sha512-pUQFPy70E9nxlVRv565ZF5LuUPKXKgpvmWlKYYyT5tVierpVFdU5d91Zs+TUHaErUKld2UineONatu5Q7xHjBg==
